// !$*UTF8*$!
{
	archiveVersion = 1;
	classes = {
	};
	objectVersion = 50;
	objects = {

/* Begin PBXBuildFile section */
		1DBF7BBC2311024A00724024 /* BKImagePicker.bundle in Resources */ = {isa = PBXBuildFile; fileRef = 1DBF7BBB2311024A00724024 /* BKImagePicker.bundle */; };
		1DBF7BC3231102B200724024 /* NSObject+BKImagePicker.h in Headers */ = {isa = PBXBuildFile; fileRef = 1DBF7BC1231102B200724024 /* NSObject+BKImagePicker.h */; };
		1DBF7BC4231102B200724024 /* NSObject+BKImagePicker.m in Sources */ = {isa = PBXBuildFile; fileRef = 1DBF7BC2231102B200724024 /* NSObject+BKImagePicker.m */; };
		1DBF7BC7231102CD00724024 /* NSString+BKImagePicker.h in Headers */ = {isa = PBXBuildFile; fileRef = 1DBF7BC5231102CD00724024 /* NSString+BKImagePicker.h */; };
		1DBF7BC8231102CD00724024 /* NSString+BKImagePicker.m in Sources */ = {isa = PBXBuildFile; fileRef = 1DBF7BC6231102CD00724024 /* NSString+BKImagePicker.m */; };
		1DBF7BCB231102E300724024 /* NSAttributedString+BKImagePicker.h in Headers */ = {isa = PBXBuildFile; fileRef = 1DBF7BC9231102E300724024 /* NSAttributedString+BKImagePicker.h */; };
		1DBF7BCC231102E300724024 /* NSAttributedString+BKImagePicker.m in Sources */ = {isa = PBXBuildFile; fileRef = 1DBF7BCA231102E300724024 /* NSAttributedString+BKImagePicker.m */; };
		1DBF7BCF2311031400724024 /* UIBezierPath+BKImagePicker.h in Headers */ = {isa = PBXBuildFile; fileRef = 1DBF7BCD2311031400724024 /* UIBezierPath+BKImagePicker.h */; };
		1DBF7BD02311031400724024 /* UIBezierPath+BKImagePicker.m in Sources */ = {isa = PBXBuildFile; fileRef = 1DBF7BCE2311031400724024 /* UIBezierPath+BKImagePicker.m */; };
		1DBF7BD32311035800724024 /* UIImage+BKImagePicker.h in Headers */ = {isa = PBXBuildFile; fileRef = 1DBF7BD12311035800724024 /* UIImage+BKImagePicker.h */; };
		1DBF7BD42311035800724024 /* UIImage+BKImagePicker.m in Sources */ = {isa = PBXBuildFile; fileRef = 1DBF7BD22311035800724024 /* UIImage+BKImagePicker.m */; };
		1DBF7BD72311036800724024 /* UIView+BKImagePicker.h in Headers */ = {isa = PBXBuildFile; fileRef = 1DBF7BD52311036800724024 /* UIView+BKImagePicker.h */; };
		1DBF7BD82311036800724024 /* UIView+BKImagePicker.m in Sources */ = {isa = PBXBuildFile; fileRef = 1DBF7BD62311036800724024 /* UIView+BKImagePicker.m */; };
		1DBF7BDA2311060100724024 /* BKImagePickerInline.h in Headers */ = {isa = PBXBuildFile; fileRef = 1DBF7BD92311060100724024 /* BKImagePickerInline.h */; };
		1DBF7BDC2311061700724024 /* BKImagePickerMacro.h in Headers */ = {isa = PBXBuildFile; fileRef = 1DBF7BDB2311061700724024 /* BKImagePickerMacro.h */; };
		1DBF7BDF2311063000724024 /* BKImagePickerConstant.h in Headers */ = {isa = PBXBuildFile; fileRef = 1DBF7BDD2311063000724024 /* BKImagePickerConstant.h */; };
		1DBF7BE02311063000724024 /* BKImagePickerConstant.m in Sources */ = {isa = PBXBuildFile; fileRef = 1DBF7BDE2311063000724024 /* BKImagePickerConstant.m */; };
		1DBF7BE6231106A000724024 /* BKImagePickerHeader.h in Headers */ = {isa = PBXBuildFile; fileRef = 1DBF7BE5231106A000724024 /* BKImagePickerHeader.h */; };
		1DBF7BF523110E9300724024 /* BKImagePickerBaseViewController.h in Headers */ = {isa = PBXBuildFile; fileRef = 1DBF7BF123110E9300724024 /* BKImagePickerBaseViewController.h */; };
		1DBF7BF623110E9300724024 /* BKImagePickerNavButton.h in Headers */ = {isa = PBXBuildFile; fileRef = 1DBF7BF223110E9300724024 /* BKImagePickerNavButton.h */; };
		1DBF7BF723110E9300724024 /* BKImagePickerBaseViewController.m in Sources */ = {isa = PBXBuildFile; fileRef = 1DBF7BF323110E9300724024 /* BKImagePickerBaseViewController.m */; };
		1DBF7BF823110E9300724024 /* BKImagePickerNavButton.m in Sources */ = {isa = PBXBuildFile; fileRef = 1DBF7BF423110E9300724024 /* BKImagePickerNavButton.m */; };
		1DBF7BFB23111F4400724024 /* BKImagePicker.h in Headers */ = {isa = PBXBuildFile; fileRef = 1DBF7BF923111F4400724024 /* BKImagePicker.h */; };
		1DBF7BFC23111F4400724024 /* BKImagePicker.m in Sources */ = {isa = PBXBuildFile; fileRef = 1DBF7BFA23111F4400724024 /* BKImagePicker.m */; };
		1DBF7BFF23111F8F00724024 /* BKImagePickerNavigationController.h in Headers */ = {isa = PBXBuildFile; fileRef = 1DBF7BFD23111F8F00724024 /* BKImagePickerNavigationController.h */; };
		1DBF7C0023111F8F00724024 /* BKImagePickerNavigationController.m in Sources */ = {isa = PBXBuildFile; fileRef = 1DBF7BFE23111F8F00724024 /* BKImagePickerNavigationController.m */; };
		1DBF7C072311229B00724024 /* BKImagePickerShareManager.h in Headers */ = {isa = PBXBuildFile; fileRef = 1DBF7C052311229B00724024 /* BKImagePickerShareManager.h */; };
		1DBF7C082311229B00724024 /* BKImagePickerShareManager.m in Sources */ = {isa = PBXBuildFile; fileRef = 1DBF7C062311229B00724024 /* BKImagePickerShareManager.m */; };
		1DBF7C0B231122CF00724024 /* BKImagePickerModel.m in Sources */ = {isa = PBXBuildFile; fileRef = 1DBF7C09231122CE00724024 /* BKImagePickerModel.m */; };
		1DBF7C0C231122CF00724024 /* BKImagePickerModel.h in Headers */ = {isa = PBXBuildFile; fileRef = 1DBF7C0A231122CF00724024 /* BKImagePickerModel.h */; };
		1DBF7C0F2311243900724024 /* BKImagePickerImageModel.h in Headers */ = {isa = PBXBuildFile; fileRef = 1DBF7C0D2311243900724024 /* BKImagePickerImageModel.h */; };
		1DBF7C102311243900724024 /* BKImagePickerImageModel.m in Sources */ = {isa = PBXBuildFile; fileRef = 1DBF7C0E2311243900724024 /* BKImagePickerImageModel.m */; };
		1DBF7C2B2311321300724024 /* BKImagePickerPEnum.h in Headers */ = {isa = PBXBuildFile; fileRef = 1DBF7C2A2311321300724024 /* BKImagePickerPEnum.h */; };
		1DBF7C2E23113A7900724024 /* BKIPImageAlbumListViewController.h in Headers */ = {isa = PBXBuildFile; fileRef = 1DBF7C2C23113A7900724024 /* BKIPImageAlbumListViewController.h */; };
		1DBF7C2F23113A7900724024 /* BKIPImageAlbumListViewController.m in Sources */ = {isa = PBXBuildFile; fileRef = 1DBF7C2D23113A7900724024 /* BKIPImageAlbumListViewController.m */; };
		1DBF7C3223113A9400724024 /* BKIPImagePickerViewController.h in Headers */ = {isa = PBXBuildFile; fileRef = 1DBF7C3023113A9400724024 /* BKIPImagePickerViewController.h */; };
		1DBF7C3323113A9400724024 /* BKIPImagePickerViewController.m in Sources */ = {isa = PBXBuildFile; fileRef = 1DBF7C3123113A9400724024 /* BKIPImagePickerViewController.m */; };
		BFC8576556C65AA5F5847186 /* Pods_BKImagePicker.framework in Frameworks */ = {isa = PBXBuildFile; fileRef = 3D5D691A6B0B172E2E6A9405 /* Pods_BKImagePicker.framework */; };
/* End PBXBuildFile section */

/* Begin PBXFileReference section */
		1060B4CE2740444DFC8FDB10 /* Pods-BKImagePicker.release.xcconfig */ = {isa = PBXFileReference; includeInIndex = 1; lastKnownFileType = text.xcconfig; name = "Pods-BKImagePicker.release.xcconfig"; path = "Target Support Files/Pods-BKImagePicker/Pods-BKImagePicker.release.xcconfig"; sourceTree = "<group>"; };
		1DBF7BA12310E1D900724024 /* BKImagePicker.framework */ = {isa = PBXFileReference; explicitFileType = wrapper.framework; includeInIndex = 0; path = BKImagePicker.framework; sourceTree = BUILT_PRODUCTS_DIR; };
		1DBF7BB5231101A200724024 /* Info.plist */ = {isa = PBXFileReference; fileEncoding = 4; lastKnownFileType = text.plist.xml; path = Info.plist; sourceTree = "<group>"; };
		1DBF7BBB2311024A00724024 /* BKImagePicker.bundle */ = {isa = PBXFileReference; lastKnownFileType = "wrapper.plug-in"; path = BKImagePicker.bundle; sourceTree = "<group>"; };
		1DBF7BC1231102B200724024 /* NSObject+BKImagePicker.h */ = {isa = PBXFileReference; lastKnownFileType = sourcecode.c.h; path = "NSObject+BKImagePicker.h"; sourceTree = "<group>"; };
		1DBF7BC2231102B200724024 /* NSObject+BKImagePicker.m */ = {isa = PBXFileReference; lastKnownFileType = sourcecode.c.objc; path = "NSObject+BKImagePicker.m"; sourceTree = "<group>"; };
		1DBF7BC5231102CD00724024 /* NSString+BKImagePicker.h */ = {isa = PBXFileReference; lastKnownFileType = sourcecode.c.h; path = "NSString+BKImagePicker.h"; sourceTree = "<group>"; };
		1DBF7BC6231102CD00724024 /* NSString+BKImagePicker.m */ = {isa = PBXFileReference; lastKnownFileType = sourcecode.c.objc; path = "NSString+BKImagePicker.m"; sourceTree = "<group>"; };
		1DBF7BC9231102E300724024 /* NSAttributedString+BKImagePicker.h */ = {isa = PBXFileReference; lastKnownFileType = sourcecode.c.h; path = "NSAttributedString+BKImagePicker.h"; sourceTree = "<group>"; };
		1DBF7BCA231102E300724024 /* NSAttributedString+BKImagePicker.m */ = {isa = PBXFileReference; lastKnownFileType = sourcecode.c.objc; path = "NSAttributedString+BKImagePicker.m"; sourceTree = "<group>"; };
		1DBF7BCD2311031400724024 /* UIBezierPath+BKImagePicker.h */ = {isa = PBXFileReference; lastKnownFileType = sourcecode.c.h; path = "UIBezierPath+BKImagePicker.h"; sourceTree = "<group>"; };
		1DBF7BCE2311031400724024 /* UIBezierPath+BKImagePicker.m */ = {isa = PBXFileReference; lastKnownFileType = sourcecode.c.objc; path = "UIBezierPath+BKImagePicker.m"; sourceTree = "<group>"; };
		1DBF7BD12311035800724024 /* UIImage+BKImagePicker.h */ = {isa = PBXFileReference; lastKnownFileType = sourcecode.c.h; path = "UIImage+BKImagePicker.h"; sourceTree = "<group>"; };
		1DBF7BD22311035800724024 /* UIImage+BKImagePicker.m */ = {isa = PBXFileReference; lastKnownFileType = sourcecode.c.objc; path = "UIImage+BKImagePicker.m"; sourceTree = "<group>"; };
		1DBF7BD52311036800724024 /* UIView+BKImagePicker.h */ = {isa = PBXFileReference; lastKnownFileType = sourcecode.c.h; path = "UIView+BKImagePicker.h"; sourceTree = "<group>"; };
		1DBF7BD62311036800724024 /* UIView+BKImagePicker.m */ = {isa = PBXFileReference; lastKnownFileType = sourcecode.c.objc; path = "UIView+BKImagePicker.m"; sourceTree = "<group>"; };
		1DBF7BD92311060100724024 /* BKImagePickerInline.h */ = {isa = PBXFileReference; lastKnownFileType = sourcecode.c.h; path = BKImagePickerInline.h; sourceTree = "<group>"; };
		1DBF7BDB2311061700724024 /* BKImagePickerMacro.h */ = {isa = PBXFileReference; lastKnownFileType = sourcecode.c.h; path = BKImagePickerMacro.h; sourceTree = "<group>"; };
		1DBF7BDD2311063000724024 /* BKImagePickerConstant.h */ = {isa = PBXFileReference; lastKnownFileType = sourcecode.c.h; path = BKImagePickerConstant.h; sourceTree = "<group>"; };
		1DBF7BDE2311063000724024 /* BKImagePickerConstant.m */ = {isa = PBXFileReference; lastKnownFileType = sourcecode.c.objc; path = BKImagePickerConstant.m; sourceTree = "<group>"; };
		1DBF7BE5231106A000724024 /* BKImagePickerHeader.h */ = {isa = PBXFileReference; lastKnownFileType = sourcecode.c.h; path = BKImagePickerHeader.h; sourceTree = "<group>"; };
		1DBF7BF123110E9300724024 /* BKImagePickerBaseViewController.h */ = {isa = PBXFileReference; fileEncoding = 4; lastKnownFileType = sourcecode.c.h; path = BKImagePickerBaseViewController.h; sourceTree = "<group>"; };
		1DBF7BF223110E9300724024 /* BKImagePickerNavButton.h */ = {isa = PBXFileReference; fileEncoding = 4; lastKnownFileType = sourcecode.c.h; path = BKImagePickerNavButton.h; sourceTree = "<group>"; };
		1DBF7BF323110E9300724024 /* BKImagePickerBaseViewController.m */ = {isa = PBXFileReference; fileEncoding = 4; lastKnownFileType = sourcecode.c.objc; path = BKImagePickerBaseViewController.m; sourceTree = "<group>"; };
		1DBF7BF423110E9300724024 /* BKImagePickerNavButton.m */ = {isa = PBXFileReference; fileEncoding = 4; lastKnownFileType = sourcecode.c.objc; path = BKImagePickerNavButton.m; sourceTree = "<group>"; };
		1DBF7BF923111F4400724024 /* BKImagePicker.h */ = {isa = PBXFileReference; lastKnownFileType = sourcecode.c.h; path = BKImagePicker.h; sourceTree = "<group>"; };
		1DBF7BFA23111F4400724024 /* BKImagePicker.m */ = {isa = PBXFileReference; lastKnownFileType = sourcecode.c.objc; path = BKImagePicker.m; sourceTree = "<group>"; };
		1DBF7BFD23111F8F00724024 /* BKImagePickerNavigationController.h */ = {isa = PBXFileReference; lastKnownFileType = sourcecode.c.h; path = BKImagePickerNavigationController.h; sourceTree = "<group>"; };
		1DBF7BFE23111F8F00724024 /* BKImagePickerNavigationController.m */ = {isa = PBXFileReference; lastKnownFileType = sourcecode.c.objc; path = BKImagePickerNavigationController.m; sourceTree = "<group>"; };
		1DBF7C052311229B00724024 /* BKImagePickerShareManager.h */ = {isa = PBXFileReference; lastKnownFileType = sourcecode.c.h; path = BKImagePickerShareManager.h; sourceTree = "<group>"; };
		1DBF7C062311229B00724024 /* BKImagePickerShareManager.m */ = {isa = PBXFileReference; lastKnownFileType = sourcecode.c.objc; path = BKImagePickerShareManager.m; sourceTree = "<group>"; };
		1DBF7C09231122CE00724024 /* BKImagePickerModel.m */ = {isa = PBXFileReference; fileEncoding = 4; lastKnownFileType = sourcecode.c.objc; path = BKImagePickerModel.m; sourceTree = "<group>"; };
		1DBF7C0A231122CF00724024 /* BKImagePickerModel.h */ = {isa = PBXFileReference; fileEncoding = 4; lastKnownFileType = sourcecode.c.h; path = BKImagePickerModel.h; sourceTree = "<group>"; };
		1DBF7C0D2311243900724024 /* BKImagePickerImageModel.h */ = {isa = PBXFileReference; lastKnownFileType = sourcecode.c.h; path = BKImagePickerImageModel.h; sourceTree = "<group>"; };
		1DBF7C0E2311243900724024 /* BKImagePickerImageModel.m */ = {isa = PBXFileReference; lastKnownFileType = sourcecode.c.objc; path = BKImagePickerImageModel.m; sourceTree = "<group>"; };
		1DBF7C2A2311321300724024 /* BKImagePickerPEnum.h */ = {isa = PBXFileReference; lastKnownFileType = sourcecode.c.h; path = BKImagePickerPEnum.h; sourceTree = "<group>"; };
		1DBF7C2C23113A7900724024 /* BKIPImageAlbumListViewController.h */ = {isa = PBXFileReference; lastKnownFileType = sourcecode.c.h; path = BKIPImageAlbumListViewController.h; sourceTree = "<group>"; };
		1DBF7C2D23113A7900724024 /* BKIPImageAlbumListViewController.m */ = {isa = PBXFileReference; lastKnownFileType = sourcecode.c.objc; path = BKIPImageAlbumListViewController.m; sourceTree = "<group>"; };
		1DBF7C3023113A9400724024 /* BKIPImagePickerViewController.h */ = {isa = PBXFileReference; lastKnownFileType = sourcecode.c.h; path = BKIPImagePickerViewController.h; sourceTree = "<group>"; };
		1DBF7C3123113A9400724024 /* BKIPImagePickerViewController.m */ = {isa = PBXFileReference; lastKnownFileType = sourcecode.c.objc; path = BKIPImagePickerViewController.m; sourceTree = "<group>"; };
		3D5D691A6B0B172E2E6A9405 /* Pods_BKImagePicker.framework */ = {isa = PBXFileReference; explicitFileType = wrapper.framework; includeInIndex = 0; path = Pods_BKImagePicker.framework; sourceTree = BUILT_PRODUCTS_DIR; };
		9F1378E0C3E259A61E27739D /* Pods-BKImagePicker.debug.xcconfig */ = {isa = PBXFileReference; includeInIndex = 1; lastKnownFileType = text.xcconfig; name = "Pods-BKImagePicker.debug.xcconfig"; path = "Target Support Files/Pods-BKImagePicker/Pods-BKImagePicker.debug.xcconfig"; sourceTree = "<group>"; };
/* End PBXFileReference section */

/* Begin PBXFrameworksBuildPhase section */
		1DBF7B9E2310E1D900724024 /* Frameworks */ = {
			isa = PBXFrameworksBuildPhase;
			buildActionMask = 2147483647;
			files = (
				BFC8576556C65AA5F5847186 /* Pods_BKImagePicker.framework in Frameworks */,
			);
			runOnlyForDeploymentPostprocessing = 0;
		};
/* End PBXFrameworksBuildPhase section */

/* Begin PBXGroup section */
		1DBF7B972310E1D900724024 = {
			isa = PBXGroup;
			children = (
				1DBF7BA32310E1D900724024 /* BKImagePicker */,
				1DBF7BB4231101A200724024 /* Supporting Files */,
				1DBF7BA22310E1D900724024 /* Products */,
				8A78ACA052A3AA2270CE88FC /* Pods */,
				56DAE17090A770C404EC1D9E /* Frameworks */,
			);
			sourceTree = "<group>";
		};
		1DBF7BA22310E1D900724024 /* Products */ = {
			isa = PBXGroup;
			children = (
				1DBF7BA12310E1D900724024 /* BKImagePicker.framework */,
			);
			name = Products;
			sourceTree = "<group>";
		};
		1DBF7BA32310E1D900724024 /* BKImagePicker */ = {
			isa = PBXGroup;
			children = (
				1DBF7BBA2311023600724024 /* Assets */,
				1DBF7BB82311020800724024 /* Utils */,
				1DBF7BB92311020800724024 /* Base */,
				1DBF7BB72311020800724024 /* Extension */,
				1DBF7C15231130E600724024 /* ImageAlbum */,
				1DBF7C11231130E600724024 /* EditImage */,
				1DBF7BF923111F4400724024 /* BKImagePicker.h */,
				1DBF7BFA23111F4400724024 /* BKImagePicker.m */,
				1DBF7C2A2311321300724024 /* BKImagePickerPEnum.h */,
			);
			path = BKImagePicker;
			sourceTree = "<group>";
		};
		1DBF7BB4231101A200724024 /* Supporting Files */ = {
			isa = PBXGroup;
			children = (
				1DBF7BB5231101A200724024 /* Info.plist */,
			);
			path = "Supporting Files";
			sourceTree = "<group>";
		};
		1DBF7BB72311020800724024 /* Extension */ = {
			isa = PBXGroup;
			children = (
				1DBF7BC1231102B200724024 /* NSObject+BKImagePicker.h */,
				1DBF7BC2231102B200724024 /* NSObject+BKImagePicker.m */,
				1DBF7BC5231102CD00724024 /* NSString+BKImagePicker.h */,
				1DBF7BC6231102CD00724024 /* NSString+BKImagePicker.m */,
				1DBF7BC9231102E300724024 /* NSAttributedString+BKImagePicker.h */,
				1DBF7BCA231102E300724024 /* NSAttributedString+BKImagePicker.m */,
				1DBF7BCD2311031400724024 /* UIBezierPath+BKImagePicker.h */,
				1DBF7BCE2311031400724024 /* UIBezierPath+BKImagePicker.m */,
				1DBF7BD12311035800724024 /* UIImage+BKImagePicker.h */,
				1DBF7BD22311035800724024 /* UIImage+BKImagePicker.m */,
				1DBF7BD52311036800724024 /* UIView+BKImagePicker.h */,
				1DBF7BD62311036800724024 /* UIView+BKImagePicker.m */,
			);
			path = Extension;
			sourceTree = "<group>";
		};
		1DBF7BB82311020800724024 /* Utils */ = {
			isa = PBXGroup;
			children = (
				1DBF7BD92311060100724024 /* BKImagePickerInline.h */,
				1DBF7BDB2311061700724024 /* BKImagePickerMacro.h */,
				1DBF7BDD2311063000724024 /* BKImagePickerConstant.h */,
				1DBF7BDE2311063000724024 /* BKImagePickerConstant.m */,
				1DBF7BE5231106A000724024 /* BKImagePickerHeader.h */,
				1DBF7C052311229B00724024 /* BKImagePickerShareManager.h */,
				1DBF7C062311229B00724024 /* BKImagePickerShareManager.m */,
				1DBF7C0A231122CF00724024 /* BKImagePickerModel.h */,
				1DBF7C09231122CE00724024 /* BKImagePickerModel.m */,
				1DBF7C0D2311243900724024 /* BKImagePickerImageModel.h */,
				1DBF7C0E2311243900724024 /* BKImagePickerImageModel.m */,
			);
			path = Utils;
			sourceTree = "<group>";
		};
		1DBF7BB92311020800724024 /* Base */ = {
			isa = PBXGroup;
			children = (
				1DBF7BE8231107A100724024 /* NavigationController */,
				1DBF7BE7231107A100724024 /* ViewController */,
			);
			path = Base;
			sourceTree = "<group>";
		};
		1DBF7BBA2311023600724024 /* Assets */ = {
			isa = PBXGroup;
			children = (
				1DBF7BBB2311024A00724024 /* BKImagePicker.bundle */,
			);
			path = Assets;
			sourceTree = "<group>";
		};
		1DBF7BE7231107A100724024 /* ViewController */ = {
			isa = PBXGroup;
			children = (
				1DBF7BF123110E9300724024 /* BKImagePickerBaseViewController.h */,
				1DBF7BF323110E9300724024 /* BKImagePickerBaseViewController.m */,
				1DBF7BF223110E9300724024 /* BKImagePickerNavButton.h */,
				1DBF7BF423110E9300724024 /* BKImagePickerNavButton.m */,
			);
			path = ViewController;
			sourceTree = "<group>";
		};
		1DBF7BE8231107A100724024 /* NavigationController */ = {
			isa = PBXGroup;
			children = (
				1DBF7BFD23111F8F00724024 /* BKImagePickerNavigationController.h */,
				1DBF7BFE23111F8F00724024 /* BKImagePickerNavigationController.m */,
			);
			path = NavigationController;
			sourceTree = "<group>";
		};
		1DBF7C11231130E600724024 /* EditImage */ = {
			isa = PBXGroup;
			children = (
				1DBF7C12231130E600724024 /* Controller */,
				1DBF7C13231130E600724024 /* Model */,
				1DBF7C14231130E600724024 /* View */,
			);
			path = EditImage;
			sourceTree = "<group>";
		};
		1DBF7C12231130E600724024 /* Controller */ = {
			isa = PBXGroup;
			children = (
			);
			path = Controller;
			sourceTree = "<group>";
		};
		1DBF7C13231130E600724024 /* Model */ = {
			isa = PBXGroup;
			children = (
			);
			path = Model;
			sourceTree = "<group>";
		};
		1DBF7C14231130E600724024 /* View */ = {
			isa = PBXGroup;
			children = (
			);
			path = View;
			sourceTree = "<group>";
		};
		1DBF7C15231130E600724024 /* ImageAlbum */ = {
			isa = PBXGroup;
			children = (
				1DBF7C1A231130E600724024 /* ImageAlbumList */,
				1DBF7C16231130E600724024 /* ImagePicker */,
				1DBF7C1E231130E600724024 /* Preview */,
			);
			path = ImageAlbum;
			sourceTree = "<group>";
		};
		1DBF7C16231130E600724024 /* ImagePicker */ = {
			isa = PBXGroup;
			children = (
				1DBF7C17231130E600724024 /* Controller */,
				1DBF7C18231130E600724024 /* Model */,
				1DBF7C19231130E600724024 /* View */,
			);
			path = ImagePicker;
			sourceTree = "<group>";
		};
		1DBF7C17231130E600724024 /* Controller */ = {
			isa = PBXGroup;
			children = (
				1DBF7C3023113A9400724024 /* BKIPImagePickerViewController.h */,
				1DBF7C3123113A9400724024 /* BKIPImagePickerViewController.m */,
			);
			path = Controller;
			sourceTree = "<group>";
		};
		1DBF7C18231130E600724024 /* Model */ = {
			isa = PBXGroup;
			children = (
			);
			path = Model;
			sourceTree = "<group>";
		};
		1DBF7C19231130E600724024 /* View */ = {
			isa = PBXGroup;
			children = (
			);
			path = View;
			sourceTree = "<group>";
		};
		1DBF7C1A231130E600724024 /* ImageAlbumList */ = {
			isa = PBXGroup;
			children = (
				1DBF7C1B231130E600724024 /* Controller */,
				1DBF7C1C231130E600724024 /* Model */,
				1DBF7C1D231130E600724024 /* View */,
			);
			path = ImageAlbumList;
			sourceTree = "<group>";
		};
		1DBF7C1B231130E600724024 /* Controller */ = {
			isa = PBXGroup;
			children = (
				1DBF7C2C23113A7900724024 /* BKIPImageAlbumListViewController.h */,
				1DBF7C2D23113A7900724024 /* BKIPImageAlbumListViewController.m */,
			);
			path = Controller;
			sourceTree = "<group>";
		};
		1DBF7C1C231130E600724024 /* Model */ = {
			isa = PBXGroup;
			children = (
			);
			path = Model;
			sourceTree = "<group>";
		};
		1DBF7C1D231130E600724024 /* View */ = {
			isa = PBXGroup;
			children = (
			);
			path = View;
			sourceTree = "<group>";
		};
		1DBF7C1E231130E600724024 /* Preview */ = {
			isa = PBXGroup;
			children = (
				1DBF7C1F231130E600724024 /* Controller */,
				1DBF7C20231130E600724024 /* Model */,
				1DBF7C21231130E600724024 /* View */,
			);
			path = Preview;
			sourceTree = "<group>";
		};
		1DBF7C1F231130E600724024 /* Controller */ = {
			isa = PBXGroup;
			children = (
			);
			path = Controller;
			sourceTree = "<group>";
		};
		1DBF7C20231130E600724024 /* Model */ = {
			isa = PBXGroup;
			children = (
			);
			path = Model;
			sourceTree = "<group>";
		};
		1DBF7C21231130E600724024 /* View */ = {
			isa = PBXGroup;
			children = (
			);
			path = View;
			sourceTree = "<group>";
		};
		56DAE17090A770C404EC1D9E /* Frameworks */ = {
			isa = PBXGroup;
			children = (
				3D5D691A6B0B172E2E6A9405 /* Pods_BKImagePicker.framework */,
			);
			name = Frameworks;
			sourceTree = "<group>";
		};
		8A78ACA052A3AA2270CE88FC /* Pods */ = {
			isa = PBXGroup;
			children = (
				9F1378E0C3E259A61E27739D /* Pods-BKImagePicker.debug.xcconfig */,
				1060B4CE2740444DFC8FDB10 /* Pods-BKImagePicker.release.xcconfig */,
			);
			path = Pods;
			sourceTree = "<group>";
		};
/* End PBXGroup section */

/* Begin PBXHeadersBuildPhase section */
		1DBF7B9C2310E1D900724024 /* Headers */ = {
			isa = PBXHeadersBuildPhase;
			buildActionMask = 2147483647;
			files = (
				1DBF7BDA2311060100724024 /* BKImagePickerInline.h in Headers */,
				1DBF7BD32311035800724024 /* UIImage+BKImagePicker.h in Headers */,
				1DBF7BD72311036800724024 /* UIView+BKImagePicker.h in Headers */,
				1DBF7BF623110E9300724024 /* BKImagePickerNavButton.h in Headers */,
				1DBF7BCB231102E300724024 /* NSAttributedString+BKImagePicker.h in Headers */,
				1DBF7BC7231102CD00724024 /* NSString+BKImagePicker.h in Headers */,
				1DBF7BCF2311031400724024 /* UIBezierPath+BKImagePicker.h in Headers */,
				1DBF7C3223113A9400724024 /* BKIPImagePickerViewController.h in Headers */,
				1DBF7BDF2311063000724024 /* BKImagePickerConstant.h in Headers */,
				1DBF7BE6231106A000724024 /* BKImagePickerHeader.h in Headers */,
				1DBF7C0C231122CF00724024 /* BKImagePickerModel.h in Headers */,
				1DBF7BFF23111F8F00724024 /* BKImagePickerNavigationController.h in Headers */,
				1DBF7BF523110E9300724024 /* BKImagePickerBaseViewController.h in Headers */,
				1DBF7C2E23113A7900724024 /* BKIPImageAlbumListViewController.h in Headers */,
				1DBF7C0F2311243900724024 /* BKImagePickerImageModel.h in Headers */,
				1DBF7BFB23111F4400724024 /* BKImagePicker.h in Headers */,
				1DBF7BC3231102B200724024 /* NSObject+BKImagePicker.h in Headers */,
				1DBF7C2B2311321300724024 /* BKImagePickerPEnum.h in Headers */,
				1DBF7C072311229B00724024 /* BKImagePickerShareManager.h in Headers */,
				1DBF7BDC2311061700724024 /* BKImagePickerMacro.h in Headers */,
			);
			runOnlyForDeploymentPostprocessing = 0;
		};
/* End PBXHeadersBuildPhase section */

/* Begin PBXNativeTarget section */
		1DBF7BA02310E1D900724024 /* BKImagePicker */ = {
			isa = PBXNativeTarget;
			buildConfigurationList = 1DBF7BA92310E1D900724024 /* Build configuration list for PBXNativeTarget "BKImagePicker" */;
			buildPhases = (
				6658FDDB2E99759954D50E57 /* [CP] Check Pods Manifest.lock */,
				1DBF7B9C2310E1D900724024 /* Headers */,
				1DBF7B9D2310E1D900724024 /* Sources */,
				1DBF7B9E2310E1D900724024 /* Frameworks */,
				1DBF7B9F2310E1D900724024 /* Resources */,
			);
			buildRules = (
			);
			dependencies = (
			);
			name = BKImagePicker;
			productName = BKImagePicker;
			productReference = 1DBF7BA12310E1D900724024 /* BKImagePicker.framework */;
			productType = "com.apple.product-type.framework";
		};
/* End PBXNativeTarget section */

/* Begin PBXProject section */
		1DBF7B982310E1D900724024 /* Project object */ = {
			isa = PBXProject;
			attributes = {
				LastUpgradeCheck = 1020;
				ORGANIZATIONNAME = BIKE;
				TargetAttributes = {
					1DBF7BA02310E1D900724024 = {
						CreatedOnToolsVersion = 10.2.1;
					};
				};
			};
			buildConfigurationList = 1DBF7B9B2310E1D900724024 /* Build configuration list for PBXProject "BKImagePicker" */;
			compatibilityVersion = "Xcode 9.3";
			developmentRegion = en;
			hasScannedForEncodings = 0;
			knownRegions = (
				en,
			);
			mainGroup = 1DBF7B972310E1D900724024;
			productRefGroup = 1DBF7BA22310E1D900724024 /* Products */;
			projectDirPath = "";
			projectRoot = "";
			targets = (
				1DBF7BA02310E1D900724024 /* BKImagePicker */,
			);
		};
/* End PBXProject section */

/* Begin PBXResourcesBuildPhase section */
		1DBF7B9F2310E1D900724024 /* Resources */ = {
			isa = PBXResourcesBuildPhase;
			buildActionMask = 2147483647;
			files = (
				1DBF7BBC2311024A00724024 /* BKImagePicker.bundle in Resources */,
			);
			runOnlyForDeploymentPostprocessing = 0;
		};
/* End PBXResourcesBuildPhase section */

/* Begin PBXShellScriptBuildPhase section */
		6658FDDB2E99759954D50E57 /* [CP] Check Pods Manifest.lock */ = {
			isa = PBXShellScriptBuildPhase;
			buildActionMask = 2147483647;
			files = (
			);
			inputFileListPaths = (
			);
			inputPaths = (
				"${PODS_PODFILE_DIR_PATH}/Podfile.lock",
				"${PODS_ROOT}/Manifest.lock",
			);
			name = "[CP] Check Pods Manifest.lock";
			outputFileListPaths = (
			);
			outputPaths = (
				"$(DERIVED_FILE_DIR)/Pods-BKImagePicker-checkManifestLockResult.txt",
			);
			runOnlyForDeploymentPostprocessing = 0;
			shellPath = /bin/sh;
			shellScript = "diff \"${PODS_PODFILE_DIR_PATH}/Podfile.lock\" \"${PODS_ROOT}/Manifest.lock\" > /dev/null\nif [ $? != 0 ] ; then\n    # print error to STDERR\n    echo \"error: The sandbox is not in sync with the Podfile.lock. Run 'pod install' or update your CocoaPods installation.\" >&2\n    exit 1\nfi\n# This output is used by Xcode 'outputs' to avoid re-running this script phase.\necho \"SUCCESS\" > \"${SCRIPT_OUTPUT_FILE_0}\"\n";
			showEnvVarsInLog = 0;
		};
/* End PBXShellScriptBuildPhase section */

/* Begin PBXSourcesBuildPhase section */
		1DBF7B9D2310E1D900724024 /* Sources */ = {
			isa = PBXSourcesBuildPhase;
			buildActionMask = 2147483647;
			files = (
				1DBF7C3323113A9400724024 /* BKIPImagePickerViewController.m in Sources */,
				1DBF7BF723110E9300724024 /* BKImagePickerBaseViewController.m in Sources */,
				1DBF7C082311229B00724024 /* BKImagePickerShareManager.m in Sources */,
				1DBF7C102311243900724024 /* BKImagePickerImageModel.m in Sources */,
				1DBF7BC4231102B200724024 /* NSObject+BKImagePicker.m in Sources */,
				1DBF7C0B231122CF00724024 /* BKImagePickerModel.m in Sources */,
				1DBF7BE02311063000724024 /* BKImagePickerConstant.m in Sources */,
				1DBF7C0023111F8F00724024 /* BKImagePickerNavigationController.m in Sources */,
				1DBF7BF823110E9300724024 /* BKImagePickerNavButton.m in Sources */,
				1DBF7BCC231102E300724024 /* NSAttributedString+BKImagePicker.m in Sources */,
				1DBF7BD82311036800724024 /* UIView+BKImagePicker.m in Sources */,
				1DBF7BFC23111F4400724024 /* BKImagePicker.m in Sources */,
				1DBF7BD02311031400724024 /* UIBezierPath+BKImagePicker.m in Sources */,
				1DBF7BD42311035800724024 /* UIImage+BKImagePicker.m in Sources */,
				1DBF7C2F23113A7900724024 /* BKIPImageAlbumListViewController.m in Sources */,
				1DBF7BC8231102CD00724024 /* NSString+BKImagePicker.m in Sources */,
			);
			runOnlyForDeploymentPostprocessing = 0;
		};
/* End PBXSourcesBuildPhase section */

/* Begin XCBuildConfiguration section */
		1DBF7BA72310E1D900724024 /* Debug */ = {
			isa = XCBuildConfiguration;
			buildSettings = {
				ALWAYS_SEARCH_USER_PATHS = NO;
				CLANG_ANALYZER_NONNULL = YES;
				CLANG_ANALYZER_NUMBER_OBJECT_CONVERSION = YES_AGGRESSIVE;
				CLANG_CXX_LANGUAGE_STANDARD = "gnu++14";
				CLANG_CXX_LIBRARY = "libc++";
				CLANG_ENABLE_MODULES = YES;
				CLANG_ENABLE_OBJC_ARC = YES;
				CLANG_ENABLE_OBJC_WEAK = YES;
				CLANG_WARN_BLOCK_CAPTURE_AUTORELEASING = YES;
				CLANG_WARN_BOOL_CONVERSION = YES;
				CLANG_WARN_COMMA = YES;
				CLANG_WARN_CONSTANT_CONVERSION = YES;
				CLANG_WARN_DEPRECATED_OBJC_IMPLEMENTATIONS = YES;
				CLANG_WARN_DIRECT_OBJC_ISA_USAGE = YES_ERROR;
				CLANG_WARN_DOCUMENTATION_COMMENTS = YES;
				CLANG_WARN_EMPTY_BODY = YES;
				CLANG_WARN_ENUM_CONVERSION = YES;
				CLANG_WARN_INFINITE_RECURSION = YES;
				CLANG_WARN_INT_CONVERSION = YES;
				CLANG_WARN_NON_LITERAL_NULL_CONVERSION = YES;
				CLANG_WARN_OBJC_IMPLICIT_RETAIN_SELF = YES;
				CLANG_WARN_OBJC_LITERAL_CONVERSION = YES;
				CLANG_WARN_OBJC_ROOT_CLASS = YES_ERROR;
				CLANG_WARN_RANGE_LOOP_ANALYSIS = YES;
				CLANG_WARN_STRICT_PROTOTYPES = YES;
				CLANG_WARN_SUSPICIOUS_MOVE = YES;
				CLANG_WARN_UNGUARDED_AVAILABILITY = YES_AGGRESSIVE;
				CLANG_WARN_UNREACHABLE_CODE = YES;
				CLANG_WARN__DUPLICATE_METHOD_MATCH = YES;
				CODE_SIGN_IDENTITY = "iPhone Developer";
				COPY_PHASE_STRIP = NO;
				CURRENT_PROJECT_VERSION = 1;
				DEBUG_INFORMATION_FORMAT = dwarf;
				ENABLE_STRICT_OBJC_MSGSEND = YES;
				ENABLE_TESTABILITY = YES;
				GCC_C_LANGUAGE_STANDARD = gnu11;
				GCC_DYNAMIC_NO_PIC = NO;
				GCC_NO_COMMON_BLOCKS = YES;
				GCC_OPTIMIZATION_LEVEL = 0;
				GCC_PREPROCESSOR_DEFINITIONS = (
					"DEBUG=1",
					"$(inherited)",
				);
				GCC_WARN_64_TO_32_BIT_CONVERSION = YES;
				GCC_WARN_ABOUT_RETURN_TYPE = YES_ERROR;
				GCC_WARN_UNDECLARED_SELECTOR = YES;
				GCC_WARN_UNINITIALIZED_AUTOS = YES_AGGRESSIVE;
				GCC_WARN_UNUSED_FUNCTION = YES;
				GCC_WARN_UNUSED_VARIABLE = YES;
				IPHONEOS_DEPLOYMENT_TARGET = 12.2;
				MTL_ENABLE_DEBUG_INFO = INCLUDE_SOURCE;
				MTL_FAST_MATH = YES;
				ONLY_ACTIVE_ARCH = YES;
				SDKROOT = iphoneos;
				VERSIONING_SYSTEM = "apple-generic";
				VERSION_INFO_PREFIX = "";
			};
			name = Debug;
		};
		1DBF7BA82310E1D900724024 /* Release */ = {
			isa = XCBuildConfiguration;
			buildSettings = {
				ALWAYS_SEARCH_USER_PATHS = NO;
				CLANG_ANALYZER_NONNULL = YES;
				CLANG_ANALYZER_NUMBER_OBJECT_CONVERSION = YES_AGGRESSIVE;
				CLANG_CXX_LANGUAGE_STANDARD = "gnu++14";
				CLANG_CXX_LIBRARY = "libc++";
				CLANG_ENABLE_MODULES = YES;
				CLANG_ENABLE_OBJC_ARC = YES;
				CLANG_ENABLE_OBJC_WEAK = YES;
				CLANG_WARN_BLOCK_CAPTURE_AUTORELEASING = YES;
				CLANG_WARN_BOOL_CONVERSION = YES;
				CLANG_WARN_COMMA = YES;
				CLANG_WARN_CONSTANT_CONVERSION = YES;
				CLANG_WARN_DEPRECATED_OBJC_IMPLEMENTATIONS = YES;
				CLANG_WARN_DIRECT_OBJC_ISA_USAGE = YES_ERROR;
				CLANG_WARN_DOCUMENTATION_COMMENTS = YES;
				CLANG_WARN_EMPTY_BODY = YES;
				CLANG_WARN_ENUM_CONVERSION = YES;
				CLANG_WARN_INFINITE_RECURSION = YES;
				CLANG_WARN_INT_CONVERSION = YES;
				CLANG_WARN_NON_LITERAL_NULL_CONVERSION = YES;
				CLANG_WARN_OBJC_IMPLICIT_RETAIN_SELF = YES;
				CLANG_WARN_OBJC_LITERAL_CONVERSION = YES;
				CLANG_WARN_OBJC_ROOT_CLASS = YES_ERROR;
				CLANG_WARN_RANGE_LOOP_ANALYSIS = YES;
				CLANG_WARN_STRICT_PROTOTYPES = YES;
				CLANG_WARN_SUSPICIOUS_MOVE = YES;
				CLANG_WARN_UNGUARDED_AVAILABILITY = YES_AGGRESSIVE;
				CLANG_WARN_UNREACHABLE_CODE = YES;
				CLANG_WARN__DUPLICATE_METHOD_MATCH = YES;
				CODE_SIGN_IDENTITY = "iPhone Developer";
				COPY_PHASE_STRIP = NO;
				CURRENT_PROJECT_VERSION = 1;
				DEBUG_INFORMATION_FORMAT = "dwarf-with-dsym";
				ENABLE_NS_ASSERTIONS = NO;
				ENABLE_STRICT_OBJC_MSGSEND = YES;
				GCC_C_LANGUAGE_STANDARD = gnu11;
				GCC_NO_COMMON_BLOCKS = YES;
				GCC_WARN_64_TO_32_BIT_CONVERSION = YES;
				GCC_WARN_ABOUT_RETURN_TYPE = YES_ERROR;
				GCC_WARN_UNDECLARED_SELECTOR = YES;
				GCC_WARN_UNINITIALIZED_AUTOS = YES_AGGRESSIVE;
				GCC_WARN_UNUSED_FUNCTION = YES;
				GCC_WARN_UNUSED_VARIABLE = YES;
				IPHONEOS_DEPLOYMENT_TARGET = 12.2;
				MTL_ENABLE_DEBUG_INFO = NO;
				MTL_FAST_MATH = YES;
				SDKROOT = iphoneos;
				VALIDATE_PRODUCT = YES;
				VERSIONING_SYSTEM = "apple-generic";
				VERSION_INFO_PREFIX = "";
			};
			name = Release;
		};
		1DBF7BAA2310E1D900724024 /* Debug */ = {
			isa = XCBuildConfiguration;
			baseConfigurationReference = 9F1378E0C3E259A61E27739D /* Pods-BKImagePicker.debug.xcconfig */;
			buildSettings = {
				CODE_SIGN_IDENTITY = "";
				CODE_SIGN_STYLE = Automatic;
				DEFINES_MODULE = YES;
				DEVELOPMENT_TEAM = 779S864B3K;
				DYLIB_COMPATIBILITY_VERSION = 1;
				DYLIB_CURRENT_VERSION = 1;
				DYLIB_INSTALL_NAME_BASE = "@rpath";
				INFOPLIST_FILE = "$(SRCROOT)/Supporting Files/Info.plist";
				INSTALL_PATH = "$(LOCAL_LIBRARY_DIR)/Frameworks";
				IPHONEOS_DEPLOYMENT_TARGET = 8.0;
				LD_RUNPATH_SEARCH_PATHS = (
					"$(inherited)",
					"@executable_path/Frameworks",
					"@loader_path/Frameworks",
				);
				PRODUCT_BUNDLE_IDENTIFIER = BIKE.BKImagePicker;
				PRODUCT_NAME = "$(TARGET_NAME:c99extidentifier)";
				SKIP_INSTALL = YES;
				TARGETED_DEVICE_FAMILY = "1,2";
			};
			name = Debug;
		};
		1DBF7BAB2310E1D900724024 /* Release */ = {
			isa = XCBuildConfiguration;
			baseConfigurationReference = 1060B4CE2740444DFC8FDB10 /* Pods-BKImagePicker.release.xcconfig */;
			buildSettings = {
				CODE_SIGN_IDENTITY = "";
				CODE_SIGN_STYLE = Automatic;
				DEFINES_MODULE = YES;
				DEVELOPMENT_TEAM = 779S864B3K;
				DYLIB_COMPATIBILITY_VERSION = 1;
				DYLIB_CURRENT_VERSION = 1;
				DYLIB_INSTALL_NAME_BASE = "@rpath";
				INFOPLIST_FILE = "$(SRCROOT)/Supporting Files/Info.plist";
				INSTALL_PATH = "$(LOCAL_LIBRARY_DIR)/Frameworks";
				IPHONEOS_DEPLOYMENT_TARGET = 8.0;
				LD_RUNPATH_SEARCH_PATHS = (
					"$(inherited)",
					"@executable_path/Frameworks",
					"@loader_path/Frameworks",
				);
				PRODUCT_BUNDLE_IDENTIFIER = BIKE.BKImagePicker;
				PRODUCT_NAME = "$(TARGET_NAME:c99extidentifier)";
				SKIP_INSTALL = YES;
				TARGETED_DEVICE_FAMILY = "1,2";
			};
			name = Release;
		};
/* End XCBuildConfiguration section */

/* Begin XCConfigurationList section */
		1DBF7B9B2310E1D900724024 /* Build configuration list for PBXProject "BKImagePicker" */ = {
			isa = XCConfigurationList;
			buildConfigurations = (
				1DBF7BA72310E1D900724024 /* Debug */,
				1DBF7BA82310E1D900724024 /* Release */,
			);
			defaultConfigurationIsVisible = 0;
			defaultConfigurationName = Release;
		};
		1DBF7BA92310E1D900724024 /* Build configuration list for PBXNativeTarget "BKImagePicker" */ = {
			isa = XCConfigurationList;
			buildConfigurations = (
				1DBF7BAA2310E1D900724024 /* Debug */,
				1DBF7BAB2310E1D900724024 /* Release */,
			);
			defaultConfigurationIsVisible = 0;
			defaultConfigurationName = Release;
		};
/* End XCConfigurationList section */
	};
	rootObject = 1DBF7B982310E1D900724024 /* Project object */;
}
